
Microsoft Visual Studio Solution File, Format Version 12.00
# Visual Studio Version 16
VisualStudioVersion = 16.0.31624.102
MinimumVisualStudioVersion = 10.0.40219.1
Project("{FAE04EC0-301F-11D3-BF4B-00C04F79EFBC}") = "LinQ", "LinQ\LinQ.csproj", "{62226EA9-272A-458A-BE96-1DAD9C999EBD}"
EndProject
Global
	GlobalSection(SolutionConfigurationPlatforms) = preSolution
		Debug|Any CPU = Debug|Any CPU
		Release|Any CPU = Release|Any CPU
	EndGlobalSection
	GlobalSection(ProjectConfigurationPlatforms) = postSolution
		{62226EA9-272A-458A-BE96-1DAD9C999EBD}.Debug|Any CPU.ActiveCfg = Debug|Any CPU
		{62226EA9-272A-458A-BE96-1DAD9C999EBD}.Debug|Any CPU.Build.0 = Debug|Any CPU
		{62226EA9-272A-458A-BE96-1DAD9C999EBD}.Release|Any CPU.ActiveCfg = Release|Any CPU
		{62226EA9-272A-458A-BE96-1DAD9C999EBD}.Release|Any CPU.Build.0 = Release|Any CPU
	EndGlobalSection
	GlobalSection(SolutionProperties) = preSolution
		HideSolutionNode = FALSE
	EndGlobalSection
	GlobalSection(ExtensibilityGlobals) = postSolution
		SolutionGuid = {743A282B-CC80-4E14-B302-C632716B4555}
	EndGlobalSection
EndGlobal
